# This file is automatically @generated by Cargo.
# It is not intended for manual editing.
version = 3

[[package]]
name = "crypto-bigint"
version = "0.5.0"
source = "registry+https://github.com/rust-lang/crates.io-index"
checksum = "071c0f5945634bc9ba7a452f492377dd6b1993665ddb58f28704119b32f07a9a"
dependencies = [
 "subtle",
]

[[package]]
name = "paste"
version = "1.0.12"
source = "registry+https://github.com/rust-lang/crates.io-index"
checksum = "9f746c4065a8fa3fe23974dd82f15431cc8d40779821001404d10d2e79ca7d79"

[[package]]
name = "sbor"
version = "0.1.0"
dependencies = [
 "crypto-bigint",
 "paste",
 "staticvec",
]

[[package]]
name = "staticvec"
version = "0.11.9"
source = "registry+https://github.com/rust-lang/crates.io-index"
checksum = "e6183943e8c03d78596895561edba95bfc9f1e4547a46f720439d714c4c3d08b"

[[package]]
name = "subtle"
version = "2.5.0"
source = "registry+https://github.com/rust-lang/crates.io-index"
checksum = "81cdd64d312baedb58e21336b31bc043b77e01cc99033ce76ef539f78e965ebc"
